
Microsoft Visual Studio Solution File, Format Version 12.00
# Visual Studio 14
VisualStudioVersion = 14.0.25420.1
MinimumVisualStudioVersion = 10.0.40219.1
Project("{FAE04EC0-301F-11D3-BF4B-00C04F79EFBC}") = "client", "client\client.csproj", "{0A4B4990-4DE5-4E8D-8730-F6A8B2C4344E}"
EndProject
Project("{FAE04EC0-301F-11D3-BF4B-00C04F79EFBC}") = "server", "server\server.csproj", "{5543FD06-1E61-4DA4-B24B-CE2FE0E572C5}"
EndProject
Global
	GlobalSection(SolutionConfigurationPlatforms) = preSolution
		Debug|Any CPU = Debug|Any CPU
		Release|Any CPU = Release|Any CPU
	EndGlobalSection
	GlobalSection(ProjectConfigurationPlatforms) = postSolution
		{0A4B4990-4DE5-4E8D-8730-F6A8B2C4344E}.Debug|Any CPU.ActiveCfg = Debug|Any CPU
		{0A4B4990-4DE5-4E8D-8730-F6A8B2C4344E}.Debug|Any CPU.Build.0 = Debug|Any CPU
		{0A4B4990-4DE5-4E8D-8730-F6A8B2C4344E}.Release|Any CPU.ActiveCfg = Release|Any CPU
		{0A4B4990-4DE5-4E8D-8730-F6A8B2C4344E}.Release|Any CPU.Build.0 = Release|Any CPU
		{5543FD06-1E61-4DA4-B24B-CE2FE0E572C5}.Debug|Any CPU.ActiveCfg = Debug|Any CPU
		{5543FD06-1E61-4DA4-B24B-CE2FE0E572C5}.Debug|Any CPU.Build.0 = Debug|Any CPU
		{5543FD06-1E61-4DA4-B24B-CE2FE0E572C5}.Release|Any CPU.ActiveCfg = Release|Any CPU
		{5543FD06-1E61-4DA4-B24B-CE2FE0E572C5}.Release|Any CPU.Build.0 = Release|Any CPU
	EndGlobalSection
	GlobalSection(SolutionProperties) = preSolution
		HideSolutionNode = FALSE
	EndGlobalSection
EndGlobal
